
Microsoft Visual Studio Solution File, Format Version 12.00
# Visual Studio Version 17
VisualStudioVersion = 17.4.33110.190
MinimumVisualStudioVersion = 10.0.40219.1
Project("{FAE04EC0-301F-11D3-BF4B-00C04F79EFBC}") = "GCScript Automate", "GCScript Automate.csproj", "{6B590302-4187-463F-9CC4-ECEB402ABF49}"
EndProject
Global
	GlobalSection(SolutionConfigurationPlatforms) = preSolution
		Debug|Any CPU = Debug|Any CPU
		Release|Any CPU = Release|Any CPU
	EndGlobalSection
	GlobalSection(ProjectConfigurationPlatforms) = postSolution
		{6B590302-4187-463F-9CC4-ECEB402ABF49}.Debug|Any CPU.ActiveCfg = Debug|Any CPU
		{6B590302-4187-463F-9CC4-ECEB402ABF49}.Debug|Any CPU.Build.0 = Debug|Any CPU
		{6B590302-4187-463F-9CC4-ECEB402ABF49}.Release|Any CPU.ActiveCfg = Release|Any CPU
		{6B590302-4187-463F-9CC4-ECEB402ABF49}.Release|Any CPU.Build.0 = Release|Any CPU
	EndGlobalSection
	GlobalSection(SolutionProperties) = preSolution
		HideSolutionNode = FALSE
	EndGlobalSection
	GlobalSection(ExtensibilityGlobals) = postSolution
		SolutionGuid = {909C678B-ED4F-4076-ABB9-A90B0A9A068C}
	EndGlobalSection
EndGlobal
